{
  "name": "Login-Valida-o-Project",
  "lockfileVersion": 3,
  "requires": true,
  "packages": {
    "": {
      "dependencies": {
        "rickmortyapi": "^2.3.0",
        "sweetalert2": "^11.7.27"
      }
    },
    "node_modules/rickmortyapi": {
      "version": "2.3.0",
      "resolved": "https://registry.npmjs.org/rickmortyapi/-/rickmortyapi-2.3.0.tgz",
      "integrity": "sha512-YSAwmxS1OFRO1gYzxyZpijGXXJ5z1yDGT8U5kYqP5Qc4T3uWWQyQk8L7ty6R0HigIrGIXzht6xBpmshGhqn5sg==",
      "engines": {
        "node": ">= 18"
      }
    },
    "node_modules/sweetalert2": {
      "version": "11.7.27",
      "resolved": "https://registry.npmjs.org/sweetalert2/-/sweetalert2-11.7.27.tgz",
      "integrity": "sha512-QbRXGQn1sb7HEhzA/K2xtWIwQHh/qkSbb1w6jYcTql2xy17876lTREEt1D4X6Q0x2wHtfUjKJ+Cb8IVkRoq7DQ==",
      "funding": {
        "type": "individual",
        "url": "https://github.com/sponsors/limonte"
      }
    }
  }
}
